
Microsoft Visual Studio Solution File, Format Version 12.00
# Visual Studio Version 16
VisualStudioVersion = 16.0.30804.86
MinimumVisualStudioVersion = 10.0.40219.1
Project("{8BC9CEB8-8B4A-11D0-8D11-00A0C91BC942}") = "OpenGLSamples", "OpenGLSamples\OpenGLSamples.vcxproj", "{5228A081-1458-4C2C-884D-FE1B4FC109FB}"
EndProject
Project("{8BC9CEB8-8B4A-11D0-8D11-00A0C91BC942}") = "SimpleCube", "SimpleCube\SimpleCube.vcxproj", "{719DA42D-F03E-453D-9DD6-82917ED277C8}"
EndProject
Project("{8BC9CEB8-8B4A-11D0-8D11-00A0C91BC942}") = "Textures", "Textures\Textures.vcxproj", "{31A1C932-799E-4B78-B887-66402779E742}"
EndProject
Project("{8BC9CEB8-8B4A-11D0-8D11-00A0C91BC942}") = "Pong", "Pong\Pong.vcxproj", "{7BF49C63-6D78-4054-93B9-1DC9A2B62217}"
EndProject
Global
	GlobalSection(SolutionConfigurationPlatforms) = preSolution
		Debug|x64 = Debug|x64
		Debug|x86 = Debug|x86
		Release|x64 = Release|x64
		Release|x86 = Release|x86
	EndGlobalSection
	GlobalSection(ProjectConfigurationPlatforms) = postSolution
		{5228A081-1458-4C2C-884D-FE1B4FC109FB}.Debug|x64.ActiveCfg = Debug|x64
		{5228A081-1458-4C2C-884D-FE1B4FC109FB}.Debug|x64.Build.0 = Debug|x64
		{5228A081-1458-4C2C-884D-FE1B4FC109FB}.Debug|x86.ActiveCfg = Debug|Win32
		{5228A081-1458-4C2C-884D-FE1B4FC109FB}.Debug|x86.Build.0 = Debug|Win32
		{5228A081-1458-4C2C-884D-FE1B4FC109FB}.Release|x64.ActiveCfg = Release|x64
		{5228A081-1458-4C2C-884D-FE1B4FC109FB}.Release|x64.Build.0 = Release|x64
		{5228A081-1458-4C2C-884D-FE1B4FC109FB}.Release|x86.ActiveCfg = Release|Win32
		{5228A081-1458-4C2C-884D-FE1B4FC109FB}.Release|x86.Build.0 = Release|Win32
		{719DA42D-F03E-453D-9DD6-82917ED277C8}.Debug|x64.ActiveCfg = Debug|x64
		{719DA42D-F03E-453D-9DD6-82917ED277C8}.Debug|x64.Build.0 = Debug|x64
		{719DA42D-F03E-453D-9DD6-82917ED277C8}.Debug|x86.ActiveCfg = Debug|Win32
		{719DA42D-F03E-453D-9DD6-82917ED277C8}.Debug|x86.Build.0 = Debug|Win32
		{719DA42D-F03E-453D-9DD6-82917ED277C8}.Release|x64.ActiveCfg = Release|x64
		{719DA42D-F03E-453D-9DD6-82917ED277C8}.Release|x64.Build.0 = Release|x64
		{719DA42D-F03E-453D-9DD6-82917ED277C8}.Release|x86.ActiveCfg = Release|Win32
		{719DA42D-F03E-453D-9DD6-82917ED277C8}.Release|x86.Build.0 = Release|Win32
		{31A1C932-799E-4B78-B887-66402779E742}.Debug|x64.ActiveCfg = Debug|x64
		{31A1C932-799E-4B78-B887-66402779E742}.Debug|x64.Build.0 = Debug|x64
		{31A1C932-799E-4B78-B887-66402779E742}.Debug|x86.ActiveCfg = Debug|Win32
		{31A1C932-799E-4B78-B887-66402779E742}.Debug|x86.Build.0 = Debug|Win32
		{31A1C932-799E-4B78-B887-66402779E742}.Release|x64.ActiveCfg = Release|x64
		{31A1C932-799E-4B78-B887-66402779E742}.Release|x64.Build.0 = Release|x64
		{31A1C932-799E-4B78-B887-66402779E742}.Release|x86.ActiveCfg = Release|Win32
		{31A1C932-799E-4B78-B887-66402779E742}.Release|x86.Build.0 = Release|Win32
		{7BF49C63-6D78-4054-93B9-1DC9A2B62217}.Debug|x64.ActiveCfg = Debug|x64
		{7BF49C63-6D78-4054-93B9-1DC9A2B62217}.Debug|x64.Build.0 = Debug|x64
		{7BF49C63-6D78-4054-93B9-1DC9A2B62217}.Debug|x86.ActiveCfg = Debug|Win32
		{7BF49C63-6D78-4054-93B9-1DC9A2B62217}.Debug|x86.Build.0 = Debug|Win32
		{7BF49C63-6D78-4054-93B9-1DC9A2B62217}.Release|x64.ActiveCfg = Release|x64
		{7BF49C63-6D78-4054-93B9-1DC9A2B62217}.Release|x64.Build.0 = Release|x64
		{7BF49C63-6D78-4054-93B9-1DC9A2B62217}.Release|x86.ActiveCfg = Release|Win32
		{7BF49C63-6D78-4054-93B9-1DC9A2B62217}.Release|x86.Build.0 = Release|Win32
	EndGlobalSection
	GlobalSection(SolutionProperties) = preSolution
		HideSolutionNode = FALSE
	EndGlobalSection
	GlobalSection(ExtensibilityGlobals) = postSolution
		SolutionGuid = {5B910C48-20BA-499B-B6BB-66AF44960597}
	EndGlobalSection
EndGlobal
